
Microsoft Visual Studio Solution File, Format Version 12.00
# Visual Studio 15
VisualStudioVersion = 15.0.28307.168
MinimumVisualStudioVersion = 10.0.40219.1
Project("{FAE04EC0-301F-11D3-BF4B-00C04F79EFBC}") = "StockSimulator", "StockSimulator\StockSimulator.csproj", "{6F8953E7-DE54-45D6-9432-F689EF82F104}"
EndProject
Project("{FAE04EC0-301F-11D3-BF4B-00C04F79EFBC}") = "StockSimulator.Tests", "StockSimulator.Tests\StockSimulator.Tests.csproj", "{93676C9E-6DB3-47CA-9AE2-F88344653683}"
EndProject
Global
	GlobalSection(SolutionConfigurationPlatforms) = preSolution
		Debug|Any CPU = Debug|Any CPU
		Release|Any CPU = Release|Any CPU
	EndGlobalSection
	GlobalSection(ProjectConfigurationPlatforms) = postSolution
		{6F8953E7-DE54-45D6-9432-F689EF82F104}.Debug|Any CPU.ActiveCfg = Debug|Any CPU
		{6F8953E7-DE54-45D6-9432-F689EF82F104}.Debug|Any CPU.Build.0 = Debug|Any CPU
		{6F8953E7-DE54-45D6-9432-F689EF82F104}.Release|Any CPU.ActiveCfg = Release|Any CPU
		{6F8953E7-DE54-45D6-9432-F689EF82F104}.Release|Any CPU.Build.0 = Release|Any CPU
		{93676C9E-6DB3-47CA-9AE2-F88344653683}.Debug|Any CPU.ActiveCfg = Debug|Any CPU
		{93676C9E-6DB3-47CA-9AE2-F88344653683}.Debug|Any CPU.Build.0 = Debug|Any CPU
		{93676C9E-6DB3-47CA-9AE2-F88344653683}.Release|Any CPU.ActiveCfg = Release|Any CPU
		{93676C9E-6DB3-47CA-9AE2-F88344653683}.Release|Any CPU.Build.0 = Release|Any CPU
	EndGlobalSection
	GlobalSection(SolutionProperties) = preSolution
		HideSolutionNode = FALSE
	EndGlobalSection
	GlobalSection(ExtensibilityGlobals) = postSolution
		SolutionGuid = {76D28010-6D54-4322-B417-674A282DBFF1}
	EndGlobalSection
EndGlobal
